
Microsoft Visual Studio Solution File, Format Version 12.00
# Visual Studio 15
VisualStudioVersion = 15.0.28307.136
MinimumVisualStudioVersion = 10.0.40219.1
Project("{8BC9CEB8-8B4A-11D0-8D11-00A0C91BC942}") = "testqueue", "testqueue\testqueue.vcxproj", "{23192662-3B54-40F6-A42C-FC10AAD8DB30}"
EndProject
Global
	GlobalSection(SolutionConfigurationPlatforms) = preSolution
		Debug|Win32 = Debug|Win32
		Release|Win32 = Release|Win32
	EndGlobalSection
	GlobalSection(ProjectConfigurationPlatforms) = postSolution
		{23192662-3B54-40F6-A42C-FC10AAD8DB30}.Debug|Win32.ActiveCfg = Debug|Win32
		{23192662-3B54-40F6-A42C-FC10AAD8DB30}.Debug|Win32.Build.0 = Debug|Win32
		{23192662-3B54-40F6-A42C-FC10AAD8DB30}.Release|Win32.ActiveCfg = Release|Win32
		{23192662-3B54-40F6-A42C-FC10AAD8DB30}.Release|Win32.Build.0 = Release|Win32
	EndGlobalSection
	GlobalSection(SolutionProperties) = preSolution
		HideSolutionNode = FALSE
	EndGlobalSection
	GlobalSection(ExtensibilityGlobals) = postSolution
		SolutionGuid = {38500627-683F-418D-8106-4263DD3B2BA2}
	EndGlobalSection
EndGlobal
